
Microsoft Visual Studio Solution File, Format Version 12.00
# Visual Studio 15
VisualStudioVersion = 15.0.26228.4
MinimumVisualStudioVersion = 10.0.40219.1
Project("{FAE04EC0-301F-11D3-BF4B-00C04F79EFBC}") = "DynamicDialogApi", "DynamicDialogApi\DynamicDialogApi.csproj", "{08A54FCE-7822-4486-BF82-15D3B7C3F27B}"
EndProject
Project("{FAE04EC0-301F-11D3-BF4B-00C04F79EFBC}") = "DynamicDialogApiTest", "DynamicDialogApiTest\DynamicDialogApiTest.csproj", "{DA8BC813-725F-42CA-8545-30DB584A6A49}"
EndProject
Global
	GlobalSection(SolutionConfigurationPlatforms) = preSolution
		Debug|Any CPU = Debug|Any CPU
		Release|Any CPU = Release|Any CPU
	EndGlobalSection
	GlobalSection(ProjectConfigurationPlatforms) = postSolution
		{08A54FCE-7822-4486-BF82-15D3B7C3F27B}.Debug|Any CPU.ActiveCfg = Debug|Any CPU
		{08A54FCE-7822-4486-BF82-15D3B7C3F27B}.Debug|Any CPU.Build.0 = Debug|Any CPU
		{08A54FCE-7822-4486-BF82-15D3B7C3F27B}.Release|Any CPU.ActiveCfg = Release|Any CPU
		{08A54FCE-7822-4486-BF82-15D3B7C3F27B}.Release|Any CPU.Build.0 = Release|Any CPU
		{DA8BC813-725F-42CA-8545-30DB584A6A49}.Debug|Any CPU.ActiveCfg = Debug|Any CPU
		{DA8BC813-725F-42CA-8545-30DB584A6A49}.Debug|Any CPU.Build.0 = Debug|Any CPU
		{DA8BC813-725F-42CA-8545-30DB584A6A49}.Release|Any CPU.ActiveCfg = Release|Any CPU
		{DA8BC813-725F-42CA-8545-30DB584A6A49}.Release|Any CPU.Build.0 = Release|Any CPU
	EndGlobalSection
	GlobalSection(SolutionProperties) = preSolution
		HideSolutionNode = FALSE
	EndGlobalSection
EndGlobal
